{
  "object": {
    "pins": [
      {
        "package": "AEXML",
        "repositoryURL": "https://github.com/tadija/AEXML.git",
        "state": {
          "branch": null,
          "revision": "6eea665515d079c338690147082a8084a36484b0",
          "version": "4.3.0"
        }
      },
      {
        "package": "CoreCLI",
        "repositoryURL": "https://github.com/toshi0383/CoreCLI",
        "state": {
          "branch": null,
          "revision": "7582c3604a4744de0043eb0a8f22925eaf6e184f",
          "version": "0.1.7"
        }
      },
      {
        "package": "SwiftPM",
        "repositoryURL": "https://github.com/apple/swift-package-manager",
        "state": {
          "branch": null,
          "revision": "6983434787dec4e543e9d398a0a9acf63ccd4da1",
          "version": "0.2.1"
        }
      },
      {
        "package": "xcodeproj",
        "repositoryURL": "https://github.com/xcode-project-manager/xcodeproj",
        "state": {
          "branch": "master",
          "revision": "bd370fcf0b75875b09bdb83bf5287b755f224b1b",
          "version": null
        }
      }
    ]
  },
  "version": 1
}
